
Microsoft Visual Studio Solution File, Format Version 12.00
# Visual Studio 15
VisualStudioVersion = 15.0.28307.421
MinimumVisualStudioVersion = 10.0.40219.1
Project("{FAE04EC0-301F-11D3-BF4B-00C04F79EFBC}") = "CityNote", "CityNote\CityNote.csproj", "{1B8C6625-94BC-4E4B-A337-467107C6FD37}"
EndProject
Global
	GlobalSection(SolutionConfigurationPlatforms) = preSolution
		Debug|Any CPU = Debug|Any CPU
		Release|Any CPU = Release|Any CPU
	EndGlobalSection
	GlobalSection(ProjectConfigurationPlatforms) = postSolution
		{1B8C6625-94BC-4E4B-A337-467107C6FD37}.Debug|Any CPU.ActiveCfg = Debug|Any CPU
		{1B8C6625-94BC-4E4B-A337-467107C6FD37}.Debug|Any CPU.Build.0 = Debug|Any CPU
		{1B8C6625-94BC-4E4B-A337-467107C6FD37}.Release|Any CPU.ActiveCfg = Release|Any CPU
		{1B8C6625-94BC-4E4B-A337-467107C6FD37}.Release|Any CPU.Build.0 = Release|Any CPU
	EndGlobalSection
	GlobalSection(SolutionProperties) = preSolution
		HideSolutionNode = FALSE
	EndGlobalSection
	GlobalSection(ExtensibilityGlobals) = postSolution
		SolutionGuid = {BD59F856-13AA-4B4C-8A33-325F5A095745}
	EndGlobalSection
EndGlobal
